
Microsoft Visual Studio Solution File, Format Version 12.00
# Visual Studio Version 17
VisualStudioVersion = 17.2.32630.192
MinimumVisualStudioVersion = 10.0.40219.1
Project("{FAE04EC0-301F-11D3-BF4B-00C04F79EFBC}") = "Logo", "Logo\Logo.csproj", "{FA9F5705-110D-4B81-AF90-AE81195A1417}"
EndProject
Global
	GlobalSection(SolutionConfigurationPlatforms) = preSolution
		Debug|Any CPU = Debug|Any CPU
		Release|Any CPU = Release|Any CPU
	EndGlobalSection
	GlobalSection(ProjectConfigurationPlatforms) = postSolution
		{FA9F5705-110D-4B81-AF90-AE81195A1417}.Debug|Any CPU.ActiveCfg = Debug|Any CPU
		{FA9F5705-110D-4B81-AF90-AE81195A1417}.Debug|Any CPU.Build.0 = Debug|Any CPU
		{FA9F5705-110D-4B81-AF90-AE81195A1417}.Release|Any CPU.ActiveCfg = Release|Any CPU
		{FA9F5705-110D-4B81-AF90-AE81195A1417}.Release|Any CPU.Build.0 = Release|Any CPU
	EndGlobalSection
	GlobalSection(SolutionProperties) = preSolution
		HideSolutionNode = FALSE
	EndGlobalSection
	GlobalSection(ExtensibilityGlobals) = postSolution
		SolutionGuid = {14934BB6-B93D-4975-B02B-7DF0D267CD16}
	EndGlobalSection
EndGlobal
